
Microsoft Visual Studio Solution File, Format Version 12.00
# Visual Studio Version 16
VisualStudioVersion = 25.0.1700.1
MinimumVisualStudioVersion = 10.0.40219.1
Project("{FAE04EC0-301F-11D3-BF4B-00C04F79EFBC}") = "Cars", "Animals\Cars.csproj", "{6B5E93D0-39DF-423B-B0D3-C10918550721}"
EndProject
Global
	GlobalSection(SolutionConfigurationPlatforms) = preSolution
		Debug|Any CPU = Debug|Any CPU
		Release|Any CPU = Release|Any CPU
	EndGlobalSection
	GlobalSection(ProjectConfigurationPlatforms) = postSolution
		{6B5E93D0-39DF-423B-B0D3-C10918550721}.Debug|Any CPU.ActiveCfg = Debug|Any CPU
		{6B5E93D0-39DF-423B-B0D3-C10918550721}.Debug|Any CPU.Build.0 = Debug|Any CPU
		{6B5E93D0-39DF-423B-B0D3-C10918550721}.Release|Any CPU.ActiveCfg = Release|Any CPU
		{6B5E93D0-39DF-423B-B0D3-C10918550721}.Release|Any CPU.Build.0 = Release|Any CPU
	EndGlobalSection
	GlobalSection(SolutionProperties) = preSolution
		HideSolutionNode = FALSE
	EndGlobalSection
	GlobalSection(ExtensibilityGlobals) = postSolution
		SolutionGuid = {66E3EAF1-FFA7-441E-916D-D9655C73A0AF}
	EndGlobalSection
EndGlobal
